
Microsoft Visual Studio Solution File, Format Version 12.00
# Visual Studio for Mac
Project("{FAE04EC0-301F-11D3-BF4B-00C04F79EFBC}") = "Gunfish Unity", "Gunfish Unity.csproj", "{997F4E59-13FF-084B-86C9-A2D57262879C}"
EndProject
Project("{FAE04EC0-301F-11D3-BF4B-00C04F79EFBC}") = "Gunfish Unity.Editor", "Gunfish Unity.Editor.csproj", "{E0CE645D-B03E-1A71-156A-6A52A480E71F}"
EndProject
Global
	GlobalSection(SolutionConfigurationPlatforms) = preSolution
		Debug|Any CPU = Debug|Any CPU
		Release|Any CPU = Release|Any CPU
	EndGlobalSection
	GlobalSection(ProjectConfigurationPlatforms) = postSolution
		{997F4E59-13FF-084B-86C9-A2D57262879C}.Debug|Any CPU.ActiveCfg = Debug|Any CPU
		{997F4E59-13FF-084B-86C9-A2D57262879C}.Debug|Any CPU.Build.0 = Debug|Any CPU
		{997F4E59-13FF-084B-86C9-A2D57262879C}.Release|Any CPU.ActiveCfg = Release|Any CPU
		{997F4E59-13FF-084B-86C9-A2D57262879C}.Release|Any CPU.Build.0 = Release|Any CPU
		{E0CE645D-B03E-1A71-156A-6A52A480E71F}.Debug|Any CPU.ActiveCfg = Debug|Any CPU
		{E0CE645D-B03E-1A71-156A-6A52A480E71F}.Debug|Any CPU.Build.0 = Debug|Any CPU
		{E0CE645D-B03E-1A71-156A-6A52A480E71F}.Release|Any CPU.ActiveCfg = Release|Any CPU
		{E0CE645D-B03E-1A71-156A-6A52A480E71F}.Release|Any CPU.Build.0 = Release|Any CPU
	EndGlobalSection
	GlobalSection(SolutionProperties) = preSolution
		HideSolutionNode = FALSE
	EndGlobalSection
EndGlobal
